<?xml version="1.0" encoding="utf-8"?>
<Project ToolsVersion="4.0" xmlns="http://schemas.microsoft.com/developer/msbuild/2003">
  <ItemGroup>
    <Filter Include="SM Interfaces">
      <UniqueIdentifier>{02816345-a7d3-4905-9e7c-064b3670a2a5}</UniqueIdentifier>
    </Filter>
    <Filter Include="Interfaces">
      <UniqueIdentifier>{ad6ac777-f6ff-4b10-9f91-d2f4af606068}</UniqueIdentifier>
    </Filter>
    <Filter Include="SDK">
      <UniqueIdentifier>{31958233-BB2D-4e41-A8F9-CE8A4684F436}</UniqueIdentifier>
    </Filter>
    <Filter Include="Interfaces\Nav">
      <UniqueIdentifier>{23e2565b-05ae-4d6d-a353-5d5392866380}</UniqueIdentifier>
    </Filter>
    <Filter Include="Source Files">
      <UniqueIdentifier>{b287c794-ff8b-4c81-881c-9cfcf60f1253}</UniqueIdentifier>
    </Filter>
    <Filter Include="Source Files\Nav">
      <UniqueIdentifier>{53cb31fa-e458-4323-b84f-a0ccc5935a41}</UniqueIdentifier>
    </Filter>
    <Filter Include="Header Files">
      <UniqueIdentifier>{f403aee9-1c9a-485a-8f23-dda37c662f37}</UniqueIdentifier>
    </Filter>
    <Filter Include="Header Files\Nav">
      <UniqueIdentifier>{7c570c51-987e-4fbf-8ccb-4547e932212d}</UniqueIdentifier>
    </Filter>
  </ItemGroup>
  <ItemGroup>
    <ClCompile Include="..\sdk\smsdk_ext.cpp">
      <Filter>SDK</Filter>
    </ClCompile>
    <ClCompile Include="..\DatabasePlayer.cpp">
      <Filter>Source Files</Filter>
    </ClCompile>
    <ClCompile Include="..\NavMesh.cpp">
      <Filter>Source Files\Nav</Filter>
    </ClCompile>
    <ClCompile Include="..\NavMeshArea.cpp">
      <Filter>Source Files\Nav</Filter>
    </ClCompile>
    <ClCompile Include="..\NavMeshConnection.cpp">
      <Filter>Source Files\Nav</Filter>
    </ClCompile>
    <ClCompile Include="..\NavMeshCornerLightIntensity.cpp">
      <Filter>Source Files\Nav</Filter>
    </ClCompile>
    <ClCompile Include="..\NavMeshEncounterPath.cpp">
      <Filter>Source Files\Nav</Filter>
    </ClCompile>
    <ClCompile Include="..\NavMeshEncounterSpot.cpp">
      <Filter>Source Files\Nav</Filter>
    </ClCompile>
    <ClCompile Include="..\NavMeshHidingSpot.cpp">
      <Filter>Source Files\Nav</Filter>
    </ClCompile>
    <ClCompile Include="..\NavMeshLadder.cpp">
      <Filter>Source Files\Nav</Filter>
    </ClCompile>
    <ClCompile Include="..\NavMeshLadderConnection.cpp">
      <Filter>Source Files\Nav</Filter>
    </ClCompile>
    <ClCompile Include="..\NavMeshLoader.cpp">
      <Filter>Source Files\Nav</Filter>
    </ClCompile>
    <ClCompile Include="..\NavMeshPlace.cpp">
      <Filter>Source Files\Nav</Filter>
    </ClCompile>
    <ClCompile Include="..\NavMeshVisibleArea.cpp">
      <Filter>Source Files\Nav</Filter>
    </ClCompile>
    <ClCompile Include="..\Extension.cpp">
      <Filter>Source Files</Filter>
    </ClCompile>
    <ClCompile Include="..\Globals.cpp">
      <Filter>Source Files</Filter>
    </ClCompile>
    <ClCompile Include="..\ConnectDBThreadOperationCallback.cpp">
      <Filter>Source Files</Filter>
    </ClCompile>
    <ClCompile Include="..\Client.cpp">
      <Filter>Source Files</Filter>
    </ClCompile>
    <ClCompile Include="..\ClientListener.cpp">
      <Filter>Source Files</Filter>
    </ClCompile>
    <ClCompile Include="..\ConnectDBThreadOperation.cpp">
      <Filter>Source Files</Filter>
    </ClCompile>
    <ClCompile Include="..\QueryDBThreadOperation.cpp">
      <Filter>Source Files</Filter>
    </ClCompile>
    <ClCompile Include="..\PlayerLoaderCallback.cpp">
      <Filter>Source Files</Filter>
    </ClCompile>
    <ClCompile Include="..\PlayerLoader.cpp">
      <Filter>Source Files</Filter>
    </ClCompile>
    <ClCompile Include="..\PlayerPersister.cpp">
      <Filter>Source Files</Filter>
    </ClCompile>
    <ClCompile Include="..\Player.cpp">
      <Filter>Source Files</Filter>
    </ClCompile>
    <ClCompile Include="..\PLCharacterSelectQueryDBThreadOperationCallback.cpp">
      <Filter>Source Files</Filter>
    </ClCompile>
    <ClCompile Include="..\PLSelectQueryDBThreadOperationCallback.cpp">
      <Filter>Source Files</Filter>
    </ClCompile>
    <ClCompile Include="..\DatabaseCharacter.cpp">
      <Filter>Source Files</Filter>
    </ClCompile>
    <ClCompile Include="..\PLItemSelectQueryDBThreadOperationCallback.cpp">
      <Filter>Source Files</Filter>
    </ClCompile>
    <ClCompile Include="..\DatabaseItem.cpp">
      <Filter>Source Files</Filter>
    </ClCompile>
    <ClCompile Include="..\DatabaseSkill.cpp">
      <Filter>Source Files</Filter>
    </ClCompile>
    <ClCompile Include="..\PLSkillSelectQueryDBThreadOperationCallback.cpp">
      <Filter>Source Files</Filter>
    </ClCompile>
    <ClCompile Include="..\PlayerBinder.cpp">
      <Filter>Source Files</Filter>
    </ClCompile>
    <ClCompile Include="..\DatabaseQuest.cpp">
      <Filter>Source Files</Filter>
    </ClCompile>
    <ClCompile Include="..\Character.cpp">
      <Filter>Source Files</Filter>
    </ClCompile>
  </ItemGroup>
  <ItemGroup>
    <ClInclude Include="..\sdk\smsdk_config.h">
      <Filter>SDK</Filter>
    </ClInclude>
    <ClInclude Include="..\sdk\smsdk_ext.h">
      <Filter>SDK</Filter>
    </ClInclude>
    <ClInclude Include="..\..\sourcemod-1-4-a80f660407e7\public\IAdminSystem.h">
      <Filter>SM Interfaces</Filter>
    </ClInclude>
    <ClInclude Include="..\..\sourcemod-1-4-a80f660407e7\public\IADTFactory.h">
      <Filter>SM Interfaces</Filter>
    </ClInclude>
    <ClInclude Include="..\..\sourcemod-1-4-a80f660407e7\public\IDataPack.h">
      <Filter>SM Interfaces</Filter>
    </ClInclude>
    <ClInclude Include="..\..\sourcemod-1-4-a80f660407e7\public\IDBDriver.h">
      <Filter>SM Interfaces</Filter>
    </ClInclude>
    <ClInclude Include="..\..\sourcemod-1-4-a80f660407e7\public\IExtensionSys.h">
      <Filter>SM Interfaces</Filter>
    </ClInclude>
    <ClInclude Include="..\..\sourcemod-1-4-a80f660407e7\public\IForwardSys.h">
      <Filter>SM Interfaces</Filter>
    </ClInclude>
    <ClInclude Include="..\..\sourcemod-1-4-a80f660407e7\public\IGameConfigs.h">
      <Filter>SM Interfaces</Filter>
    </ClInclude>
    <ClInclude Include="..\..\sourcemod-1-4-a80f660407e7\public\IGameHelpers.h">
      <Filter>SM Interfaces</Filter>
    </ClInclude>
    <ClInclude Include="..\..\sourcemod-1-4-a80f660407e7\public\IHandleSys.h">
      <Filter>SM Interfaces</Filter>
    </ClInclude>
    <ClInclude Include="..\..\sourcemod-1-4-a80f660407e7\public\ILibrarySys.h">
      <Filter>SM Interfaces</Filter>
    </ClInclude>
    <ClInclude Include="..\..\sourcemod-1-4-a80f660407e7\public\IMemoryUtils.h">
      <Filter>SM Interfaces</Filter>
    </ClInclude>
    <ClInclude Include="..\..\sourcemod-1-4-a80f660407e7\public\IMenuManager.h">
      <Filter>SM Interfaces</Filter>
    </ClInclude>
    <ClInclude Include="..\..\sourcemod-1-4-a80f660407e7\public\INativeInvoker.h">
      <Filter>SM Interfaces</Filter>
    </ClInclude>
    <ClInclude Include="..\..\sourcemod-1-4-a80f660407e7\public\IPlayerHelpers.h">
      <Filter>SM Interfaces</Filter>
    </ClInclude>
    <ClInclude Include="..\..\sourcemod-1-4-a80f660407e7\public\IPluginSys.h">
      <Filter>SM Interfaces</Filter>
    </ClInclude>
    <ClInclude Include="..\..\sourcemod-1-4-a80f660407e7\public\IRootConsoleMenu.h">
      <Filter>SM Interfaces</Filter>
    </ClInclude>
    <ClInclude Include="..\..\sourcemod-1-4-a80f660407e7\public\IShareSys.h">
      <Filter>SM Interfaces</Filter>
    </ClInclude>
    <ClInclude Include="..\..\sourcemod-1-4-a80f660407e7\public\ISourceMod.h">
      <Filter>SM Interfaces</Filter>
    </ClInclude>
    <ClInclude Include="..\..\sourcemod-1-4-a80f660407e7\public\ITextParsers.h">
      <Filter>SM Interfaces</Filter>
    </ClInclude>
    <ClInclude Include="..\..\sourcemod-1-4-a80f660407e7\public\IThreader.h">
      <Filter>SM Interfaces</Filter>
    </ClInclude>
    <ClInclude Include="..\..\sourcemod-1-4-a80f660407e7\public\ITimerSystem.h">
      <Filter>SM Interfaces</Filter>
    </ClInclude>
    <ClInclude Include="..\..\sourcemod-1-4-a80f660407e7\public\ITranslator.h">
      <Filter>SM Interfaces</Filter>
    </ClInclude>
    <ClInclude Include="..\IClient.h">
      <Filter>Interfaces</Filter>
    </ClInclude>
    <ClInclude Include="..\IConnectDBThreadOperationCallback.h">
      <Filter>Interfaces</Filter>
    </ClInclude>
    <ClInclude Include="..\IPlayerPersister.h">
      <Filter>Interfaces</Filter>
    </ClInclude>
    <ClInclude Include="..\IPlayerPersisterCallback.h">
      <Filter>Interfaces</Filter>
    </ClInclude>
    <ClInclude Include="..\IPlayer.h">
      <Filter>Interfaces</Filter>
    </ClInclude>
    <ClInclude Include="..\HL2SDK.h">
      <Filter>SDK</Filter>
    </ClInclude>
    <ClInclude Include="..\ICharacter.h">
      <Filter>Interfaces</Filter>
    </ClInclude>
    <ClInclude Include="..\ISkill.h">
      <Filter>Interfaces</Filter>
    </ClInclude>
    <ClInclude Include="..\IPlayerLoader.h">
      <Filter>Interfaces</Filter>
    </ClInclude>
    <ClInclude Include="..\IPlayerLoaderCallback.h">
      <Filter>Interfaces</Filter>
    </ClInclude>
    <ClInclude Include="..\IQueryDBThreadOperationCallback.h">
      <Filter>Interfaces</Filter>
    </ClInclude>
    <ClInclude Include="..\IList.h">
      <Filter>Interfaces</Filter>
    </ClInclude>
    <ClInclude Include="..\INavMesh.h">
      <Filter>Interfaces\Nav</Filter>
    </ClInclude>
    <ClInclude Include="..\INavMeshPlace.h">
      <Filter>Interfaces\Nav</Filter>
    </ClInclude>
    <ClInclude Include="..\INavMeshArea.h">
      <Filter>Interfaces\Nav</Filter>
    </ClInclude>
    <ClInclude Include="..\INavMeshConnection.h">
      <Filter>Interfaces\Nav</Filter>
    </ClInclude>
    <ClInclude Include="..\INavMeshEncounterPath.h">
      <Filter>Interfaces\Nav</Filter>
    </ClInclude>
    <ClInclude Include="..\INavMeshEncounterSpot.h">
      <Filter>Interfaces\Nav</Filter>
    </ClInclude>
    <ClInclude Include="..\INavMeshHidingSpot.h">
      <Filter>Interfaces\Nav</Filter>
    </ClInclude>
    <ClInclude Include="..\INavMeshLadder.h">
      <Filter>Interfaces\Nav</Filter>
    </ClInclude>
    <ClInclude Include="..\INavMeshLadderConnection.h">
      <Filter>Interfaces\Nav</Filter>
    </ClInclude>
    <ClInclude Include="..\INavMeshLoader.h">
      <Filter>Interfaces\Nav</Filter>
    </ClInclude>
    <ClInclude Include="..\INavMeshCornerLightIntensity.h">
      <Filter>Interfaces\Nav</Filter>
    </ClInclude>
    <ClInclude Include="..\INavMeshVisibleArea.h">
      <Filter>Interfaces\Nav</Filter>
    </ClInclude>
    <ClInclude Include="..\IDatabasePlayer.h">
      <Filter>Interfaces</Filter>
    </ClInclude>
    <ClInclude Include="..\IDatabaseCharacter.h">
      <Filter>Interfaces</Filter>
    </ClInclude>
    <ClInclude Include="..\Client.h">
      <Filter>Header Files</Filter>
    </ClInclude>
    <ClInclude Include="..\ClientListener.h">
      <Filter>Header Files</Filter>
    </ClInclude>
    <ClInclude Include="..\ConnectDBThreadOperation.h">
      <Filter>Header Files</Filter>
    </ClInclude>
    <ClInclude Include="..\ConnectDBThreadOperationCallback.h">
      <Filter>Header Files</Filter>
    </ClInclude>
    <ClInclude Include="..\DatabasePlayer.h">
      <Filter>Header Files</Filter>
    </ClInclude>
    <ClInclude Include="..\Extension.h">
      <Filter>Header Files</Filter>
    </ClInclude>
    <ClInclude Include="..\Globals.h">
      <Filter>Header Files</Filter>
    </ClInclude>
    <ClInclude Include="..\List.h">
      <Filter>Header Files</Filter>
    </ClInclude>
    <ClInclude Include="..\Player.h">
      <Filter>Header Files</Filter>
    </ClInclude>
    <ClInclude Include="..\PlayerLoader.h">
      <Filter>Header Files</Filter>
    </ClInclude>
    <ClInclude Include="..\PlayerLoaderCallback.h">
      <Filter>Header Files</Filter>
    </ClInclude>
    <ClInclude Include="..\PlayerPersister.h">
      <Filter>Header Files</Filter>
    </ClInclude>
    <ClInclude Include="..\PLCharacterSelectQueryDBThreadOperationCallback.h">
      <Filter>Header Files</Filter>
    </ClInclude>
    <ClInclude Include="..\PLSelectQueryDBThreadOperationCallback.h">
      <Filter>Header Files</Filter>
    </ClInclude>
    <ClInclude Include="..\QueryDBThreadOperation.h">
      <Filter>Header Files</Filter>
    </ClInclude>
    <ClInclude Include="..\NavCornerType.h">
      <Filter>Header Files\Nav</Filter>
    </ClInclude>
    <ClInclude Include="..\NavDirType.h">
      <Filter>Header Files\Nav</Filter>
    </ClInclude>
    <ClInclude Include="..\NavLadderDirType.h">
      <Filter>Header Files\Nav</Filter>
    </ClInclude>
    <ClInclude Include="..\NavMesh.h">
      <Filter>Header Files\Nav</Filter>
    </ClInclude>
    <ClInclude Include="..\NavMeshArea.h">
      <Filter>Header Files\Nav</Filter>
    </ClInclude>
    <ClInclude Include="..\NavMeshConnection.h">
      <Filter>Header Files\Nav</Filter>
    </ClInclude>
    <ClInclude Include="..\NavMeshCornerLightIntensity.h">
      <Filter>Header Files\Nav</Filter>
    </ClInclude>
    <ClInclude Include="..\NavMeshEncounterPath.h">
      <Filter>Header Files\Nav</Filter>
    </ClInclude>
    <ClInclude Include="..\NavMeshEncounterSpot.h">
      <Filter>Header Files\Nav</Filter>
    </ClInclude>
    <ClInclude Include="..\NavMeshHidingSpot.h">
      <Filter>Header Files\Nav</Filter>
    </ClInclude>
    <ClInclude Include="..\NavMeshLadder.h">
      <Filter>Header Files\Nav</Filter>
    </ClInclude>
    <ClInclude Include="..\NavMeshLadderConnection.h">
      <Filter>Header Files\Nav</Filter>
    </ClInclude>
    <ClInclude Include="..\NavMeshLoader.h">
      <Filter>Header Files\Nav</Filter>
    </ClInclude>
    <ClInclude Include="..\NavMeshPlace.h">
      <Filter>Header Files\Nav</Filter>
    </ClInclude>
    <ClInclude Include="..\NavMeshVisibleArea.h">
      <Filter>Header Files\Nav</Filter>
    </ClInclude>
    <ClInclude Include="..\DatabaseCharacter.h">
      <Filter>Header Files</Filter>
    </ClInclude>
    <ClInclude Include="..\PLItemSelectQueryDBThreadOperationCallback.h">
      <Filter>Header Files</Filter>
    </ClInclude>
    <ClInclude Include="..\IDatabaseItem.h">
      <Filter>Interfaces</Filter>
    </ClInclude>
    <ClInclude Include="..\DatabaseItem.h">
      <Filter>Header Files</Filter>
    </ClInclude>
    <ClInclude Include="..\IDatabaseSkill.h">
      <Filter>Interfaces</Filter>
    </ClInclude>
    <ClInclude Include="..\DatabaseSkill.h">
      <Filter>Header Files</Filter>
    </ClInclude>
    <ClInclude Include="..\PLSkillSelectQueryDBThreadOperationCallback.h">
      <Filter>Header Files</Filter>
    </ClInclude>
    <ClInclude Include="..\IPlayerBinder.h">
      <Filter>Interfaces</Filter>
    </ClInclude>
    <ClInclude Include="..\PlayerBinder.h">
      <Filter>Header Files</Filter>
    </ClInclude>
    <ClInclude Include="..\IDatabaseQuest.h">
      <Filter>Interfaces</Filter>
    </ClInclude>
    <ClInclude Include="..\DatabaseQuest.h">
      <Filter>Header Files</Filter>
    </ClInclude>
    <ClInclude Include="..\IQuest.h">
      <Filter>Interfaces</Filter>
    </ClInclude>
    <ClInclude Include="..\IItem.h">
      <Filter>Interfaces</Filter>
    </ClInclude>
  </ItemGroup>
</Project>