<?xml version="1.0" encoding="utf-8"?>
<Project ToolsVersion="4.0" xmlns="http://schemas.microsoft.com/developer/msbuild/2003">
  <ItemGroup>
    <Filter Include="SM Interfaces">
      <UniqueIdentifier>{02816345-a7d3-4905-9e7c-064b3670a2a5}</UniqueIdentifier>
    </Filter>
    <Filter Include="Interfaces">
      <UniqueIdentifier>{ad6ac777-f6ff-4b10-9f91-d2f4af606068}</UniqueIdentifier>
    </Filter>
    <Filter Include="SDK">
      <UniqueIdentifier>{31958233-BB2D-4e41-A8F9-CE8A4684F436}</UniqueIdentifier>
    </Filter>
    <Filter Include="Interfaces\Nav">
      <UniqueIdentifier>{23e2565b-05ae-4d6d-a353-5d5392866380}</UniqueIdentifier>
    </Filter>
    <Filter Include="Source Files">
      <UniqueIdentifier>{b287c794-ff8b-4c81-881c-9cfcf60f1253}</UniqueIdentifier>
    </Filter>
    <Filter Include="Source Files\Nav">
      <UniqueIdentifier>{53cb31fa-e458-4323-b84f-a0ccc5935a41}</UniqueIdentifier>
    </Filter>
    <Filter Include="Header Files">
      <UniqueIdentifier>{f403aee9-1c9a-485a-8f23-dda37c662f37}</UniqueIdentifier>
    </Filter>
    <Filter Include="Header Files\Nav">
      <UniqueIdentifier>{7c570c51-987e-4fbf-8ccb-4547e932212d}</UniqueIdentifier>
    </Filter>
    <Filter Include="Header Files\STLish">
      <UniqueIdentifier>{165ffa5e-9fa1-4bba-a0bb-007d361ca664}</UniqueIdentifier>
    </Filter>
    <Filter Include="Interfaces\STLish">
      <UniqueIdentifier>{1e260936-3915-4360-9bf8-4ec1065e23e3}</UniqueIdentifier>
    </Filter>
    <Filter Include="Interfaces\Database">
      <UniqueIdentifier>{a1f17c0e-c9ab-44f6-ac58-7eb5bf9f04bd}</UniqueIdentifier>
    </Filter>
    <Filter Include="Source Files\Database">
      <UniqueIdentifier>{0eb9b4c7-6b29-44e0-a069-9495410baaa2}</UniqueIdentifier>
    </Filter>
    <Filter Include="Source Files\Models">
      <UniqueIdentifier>{54f4bcdd-4f22-4fc3-9414-c707a799f179}</UniqueIdentifier>
    </Filter>
    <Filter Include="Header Files\Models">
      <UniqueIdentifier>{27014e22-0f5c-4f98-9be8-d248291c629d}</UniqueIdentifier>
    </Filter>
    <Filter Include="Interfaces\Models">
      <UniqueIdentifier>{e06cf095-a71a-4e30-b764-ddd7d70c4fd7}</UniqueIdentifier>
    </Filter>
    <Filter Include="Source Files\Regex">
      <UniqueIdentifier>{4c777014-f0c2-4775-94f9-8560dafaf50b}</UniqueIdentifier>
    </Filter>
    <Filter Include="Header Files\Regex">
      <UniqueIdentifier>{f1a407c5-1b52-4b64-84ca-c12fab23559f}</UniqueIdentifier>
    </Filter>
    <Filter Include="Header Files\Database">
      <UniqueIdentifier>{a2c3a77b-466a-4f67-92b3-d0d7670112c0}</UniqueIdentifier>
    </Filter>
    <Filter Include="Interfaces\Commands">
      <UniqueIdentifier>{7a6ddad3-287a-411c-8a86-2261b6b4e614}</UniqueIdentifier>
    </Filter>
    <Filter Include="Source Files\Commands">
      <UniqueIdentifier>{0c9601c2-3e6f-4523-8e5d-152b3b9cb3be}</UniqueIdentifier>
    </Filter>
    <Filter Include="Header Files\Commands">
      <UniqueIdentifier>{a11e9c5e-363b-4ee4-8c4d-a97635517a54}</UniqueIdentifier>
    </Filter>
    <Filter Include="Header Files\Sourcemod">
      <UniqueIdentifier>{e10b501d-dd81-44c8-927d-7ea96084b88d}</UniqueIdentifier>
    </Filter>
    <Filter Include="Header Files\HL2SDK">
      <UniqueIdentifier>{9b6a2418-11bf-426c-a3c7-d9cc36141f3f}</UniqueIdentifier>
    </Filter>
    <Filter Include="Header Files\Menus">
      <UniqueIdentifier>{76d89266-7813-46c0-adc2-636a88b3e9a4}</UniqueIdentifier>
    </Filter>
    <Filter Include="Source Files\Menus">
      <UniqueIdentifier>{0f873465-bd5e-4165-9a72-a8d34ba58d6d}</UniqueIdentifier>
    </Filter>
  </ItemGroup>
  <ItemGroup>
    <ClCompile Include="..\sdk\smsdk_ext.cpp">
      <Filter>SDK</Filter>
    </ClCompile>
    <ClCompile Include="..\Nav\NavMesh.cpp">
      <Filter>Source Files\Nav</Filter>
    </ClCompile>
    <ClCompile Include="..\Nav\NavMeshArea.cpp">
      <Filter>Source Files\Nav</Filter>
    </ClCompile>
    <ClCompile Include="..\Nav\NavMeshConnection.cpp">
      <Filter>Source Files\Nav</Filter>
    </ClCompile>
    <ClCompile Include="..\Nav\NavMeshCornerLightIntensity.cpp">
      <Filter>Source Files\Nav</Filter>
    </ClCompile>
    <ClCompile Include="..\Nav\NavMeshEncounterPath.cpp">
      <Filter>Source Files\Nav</Filter>
    </ClCompile>
    <ClCompile Include="..\Nav\NavMeshEncounterSpot.cpp">
      <Filter>Source Files\Nav</Filter>
    </ClCompile>
    <ClCompile Include="..\Nav\NavMeshHidingSpot.cpp">
      <Filter>Source Files\Nav</Filter>
    </ClCompile>
    <ClCompile Include="..\Nav\NavMeshLadder.cpp">
      <Filter>Source Files\Nav</Filter>
    </ClCompile>
    <ClCompile Include="..\Nav\NavMeshLadderConnection.cpp">
      <Filter>Source Files\Nav</Filter>
    </ClCompile>
    <ClCompile Include="..\Nav\NavMeshLoader.cpp">
      <Filter>Source Files\Nav</Filter>
    </ClCompile>
    <ClCompile Include="..\Nav\NavMeshPlace.cpp">
      <Filter>Source Files\Nav</Filter>
    </ClCompile>
    <ClCompile Include="..\Nav\NavMeshVisibleArea.cpp">
      <Filter>Source Files\Nav</Filter>
    </ClCompile>
    <ClCompile Include="..\ClientListener.cpp">
      <Filter>Source Files</Filter>
    </ClCompile>
    <ClCompile Include="..\Extension.cpp">
      <Filter>Source Files</Filter>
    </ClCompile>
    <ClCompile Include="..\Globals.cpp">
      <Filter>Source Files</Filter>
    </ClCompile>
    <ClCompile Include="..\Database\DBCharacter.cpp">
      <Filter>Source Files\Database</Filter>
    </ClCompile>
    <ClCompile Include="..\Database\DBItem.cpp">
      <Filter>Source Files\Database</Filter>
    </ClCompile>
    <ClCompile Include="..\Database\DBPlayer.cpp">
      <Filter>Source Files\Database</Filter>
    </ClCompile>
    <ClCompile Include="..\Database\DBQuest.cpp">
      <Filter>Source Files\Database</Filter>
    </ClCompile>
    <ClCompile Include="..\Database\DBSkill.cpp">
      <Filter>Source Files\Database</Filter>
    </ClCompile>
    <ClCompile Include="..\Database\PlayerBinder.cpp">
      <Filter>Source Files\Database</Filter>
    </ClCompile>
    <ClCompile Include="..\Database\PlayerLoader.cpp">
      <Filter>Source Files\Database</Filter>
    </ClCompile>
    <ClCompile Include="..\Database\PlayerLoaderCallback.cpp">
      <Filter>Source Files\Database</Filter>
    </ClCompile>
    <ClCompile Include="..\Database\PlayerPersister.cpp">
      <Filter>Source Files\Database</Filter>
    </ClCompile>
    <ClCompile Include="..\Database\PLItemCallback.cpp">
      <Filter>Source Files\Database</Filter>
    </ClCompile>
    <ClCompile Include="..\Database\PLSkillCallback.cpp">
      <Filter>Source Files\Database</Filter>
    </ClCompile>
    <ClCompile Include="..\Database\TConnectOperation.cpp">
      <Filter>Source Files\Database</Filter>
    </ClCompile>
    <ClCompile Include="..\Database\TConnectCallback.cpp">
      <Filter>Source Files\Database</Filter>
    </ClCompile>
    <ClCompile Include="..\Database\PLPlayerCallback.cpp">
      <Filter>Source Files\Database</Filter>
    </ClCompile>
    <ClCompile Include="..\Database\QueryOperation.cpp">
      <Filter>Source Files\Database</Filter>
    </ClCompile>
    <ClCompile Include="..\Models\Character.cpp">
      <Filter>Source Files\Models</Filter>
    </ClCompile>
    <ClCompile Include="..\Models\Client.cpp">
      <Filter>Source Files\Models</Filter>
    </ClCompile>
    <ClCompile Include="..\Models\Item.cpp">
      <Filter>Source Files\Models</Filter>
    </ClCompile>
    <ClCompile Include="..\Models\Player.cpp">
      <Filter>Source Files\Models</Filter>
    </ClCompile>
    <ClCompile Include="..\Models\Race.cpp">
      <Filter>Source Files\Models</Filter>
    </ClCompile>
    <ClCompile Include="..\Models\Skill.cpp">
      <Filter>Source Files\Models</Filter>
    </ClCompile>
    <ClCompile Include="..\Database\PLPlayerCallback.cpp">
      <Filter>Source Files\Database</Filter>
    </ClCompile>
    <ClCompile Include="..\Database\PLCharacterCallback.cpp">
      <Filter>Source Files\Database</Filter>
    </ClCompile>
    <ClCompile Include="..\Database\PLQuestCallback.cpp">
      <Filter>Source Files\Database</Filter>
    </ClCompile>
    <ClCompile Include="..\Utils.cpp">
      <Filter>Source Files</Filter>
    </ClCompile>
    <ClCompile Include="..\Regex\CRegEx.cpp">
      <Filter>Source Files\Regex</Filter>
    </ClCompile>
    <ClCompile Include="..\Models\Quest.cpp">
      <Filter>Source Files\Models</Filter>
    </ClCompile>
    <ClCompile Include="..\Commands\ClientCommandListener.cpp">
      <Filter>Source Files\Commands</Filter>
    </ClCompile>
    <ClCompile Include="..\CompatWrappers.cpp">
      <Filter>Source Files</Filter>
    </ClCompile>
    <ClCompile Include="..\Commands\SayCommandListener.cpp">
      <Filter>Source Files\Commands</Filter>
    </ClCompile>
    <ClCompile Include="..\Menus\HelpMenuHandler.cpp">
      <Filter>Source Files\Menus</Filter>
    </ClCompile>
  </ItemGroup>
  <ItemGroup>
    <ClInclude Include="..\sdk\smsdk_config.h">
      <Filter>SDK</Filter>
    </ClInclude>
    <ClInclude Include="..\sdk\smsdk_ext.h">
      <Filter>SDK</Filter>
    </ClInclude>
    <ClInclude Include="..\..\sourcemod-1-4-a80f660407e7\public\IAdminSystem.h">
      <Filter>SM Interfaces</Filter>
    </ClInclude>
    <ClInclude Include="..\..\sourcemod-1-4-a80f660407e7\public\IADTFactory.h">
      <Filter>SM Interfaces</Filter>
    </ClInclude>
    <ClInclude Include="..\..\sourcemod-1-4-a80f660407e7\public\IDataPack.h">
      <Filter>SM Interfaces</Filter>
    </ClInclude>
    <ClInclude Include="..\..\sourcemod-1-4-a80f660407e7\public\IDBDriver.h">
      <Filter>SM Interfaces</Filter>
    </ClInclude>
    <ClInclude Include="..\..\sourcemod-1-4-a80f660407e7\public\IExtensionSys.h">
      <Filter>SM Interfaces</Filter>
    </ClInclude>
    <ClInclude Include="..\..\sourcemod-1-4-a80f660407e7\public\IForwardSys.h">
      <Filter>SM Interfaces</Filter>
    </ClInclude>
    <ClInclude Include="..\..\sourcemod-1-4-a80f660407e7\public\IGameConfigs.h">
      <Filter>SM Interfaces</Filter>
    </ClInclude>
    <ClInclude Include="..\..\sourcemod-1-4-a80f660407e7\public\IGameHelpers.h">
      <Filter>SM Interfaces</Filter>
    </ClInclude>
    <ClInclude Include="..\..\sourcemod-1-4-a80f660407e7\public\IHandleSys.h">
      <Filter>SM Interfaces</Filter>
    </ClInclude>
    <ClInclude Include="..\..\sourcemod-1-4-a80f660407e7\public\ILibrarySys.h">
      <Filter>SM Interfaces</Filter>
    </ClInclude>
    <ClInclude Include="..\..\sourcemod-1-4-a80f660407e7\public\IMemoryUtils.h">
      <Filter>SM Interfaces</Filter>
    </ClInclude>
    <ClInclude Include="..\..\sourcemod-1-4-a80f660407e7\public\IMenuManager.h">
      <Filter>SM Interfaces</Filter>
    </ClInclude>
    <ClInclude Include="..\..\sourcemod-1-4-a80f660407e7\public\INativeInvoker.h">
      <Filter>SM Interfaces</Filter>
    </ClInclude>
    <ClInclude Include="..\..\sourcemod-1-4-a80f660407e7\public\IPlayerHelpers.h">
      <Filter>SM Interfaces</Filter>
    </ClInclude>
    <ClInclude Include="..\..\sourcemod-1-4-a80f660407e7\public\IPluginSys.h">
      <Filter>SM Interfaces</Filter>
    </ClInclude>
    <ClInclude Include="..\..\sourcemod-1-4-a80f660407e7\public\IRootConsoleMenu.h">
      <Filter>SM Interfaces</Filter>
    </ClInclude>
    <ClInclude Include="..\..\sourcemod-1-4-a80f660407e7\public\IShareSys.h">
      <Filter>SM Interfaces</Filter>
    </ClInclude>
    <ClInclude Include="..\..\sourcemod-1-4-a80f660407e7\public\ISourceMod.h">
      <Filter>SM Interfaces</Filter>
    </ClInclude>
    <ClInclude Include="..\..\sourcemod-1-4-a80f660407e7\public\ITextParsers.h">
      <Filter>SM Interfaces</Filter>
    </ClInclude>
    <ClInclude Include="..\..\sourcemod-1-4-a80f660407e7\public\IThreader.h">
      <Filter>SM Interfaces</Filter>
    </ClInclude>
    <ClInclude Include="..\..\sourcemod-1-4-a80f660407e7\public\ITimerSystem.h">
      <Filter>SM Interfaces</Filter>
    </ClInclude>
    <ClInclude Include="..\..\sourcemod-1-4-a80f660407e7\public\ITranslator.h">
      <Filter>SM Interfaces</Filter>
    </ClInclude>
    <ClInclude Include="..\STLish\List.h">
      <Filter>Header Files\STLish</Filter>
    </ClInclude>
    <ClInclude Include="..\STLish\Map.h">
      <Filter>Header Files\STLish</Filter>
    </ClInclude>
    <ClInclude Include="..\Nav\NavCornerType.h">
      <Filter>Header Files\Nav</Filter>
    </ClInclude>
    <ClInclude Include="..\Nav\NavDirType.h">
      <Filter>Header Files\Nav</Filter>
    </ClInclude>
    <ClInclude Include="..\Nav\NavLadderDirType.h">
      <Filter>Header Files\Nav</Filter>
    </ClInclude>
    <ClInclude Include="..\Nav\NavMesh.h">
      <Filter>Header Files\Nav</Filter>
    </ClInclude>
    <ClInclude Include="..\Nav\NavMeshArea.h">
      <Filter>Header Files\Nav</Filter>
    </ClInclude>
    <ClInclude Include="..\Nav\NavMeshConnection.h">
      <Filter>Header Files\Nav</Filter>
    </ClInclude>
    <ClInclude Include="..\Nav\NavMeshCornerLightIntensity.h">
      <Filter>Header Files\Nav</Filter>
    </ClInclude>
    <ClInclude Include="..\Nav\NavMeshEncounterPath.h">
      <Filter>Header Files\Nav</Filter>
    </ClInclude>
    <ClInclude Include="..\Nav\NavMeshEncounterSpot.h">
      <Filter>Header Files\Nav</Filter>
    </ClInclude>
    <ClInclude Include="..\Nav\NavMeshHidingSpot.h">
      <Filter>Header Files\Nav</Filter>
    </ClInclude>
    <ClInclude Include="..\Nav\NavMeshLadder.h">
      <Filter>Header Files\Nav</Filter>
    </ClInclude>
    <ClInclude Include="..\Nav\NavMeshLadderConnection.h">
      <Filter>Header Files\Nav</Filter>
    </ClInclude>
    <ClInclude Include="..\Nav\NavMeshLoader.h">
      <Filter>Header Files\Nav</Filter>
    </ClInclude>
    <ClInclude Include="..\Nav\NavMeshPlace.h">
      <Filter>Header Files\Nav</Filter>
    </ClInclude>
    <ClInclude Include="..\Nav\NavMeshVisibleArea.h">
      <Filter>Header Files\Nav</Filter>
    </ClInclude>
    <ClInclude Include="..\Nav\INavMesh.h">
      <Filter>Interfaces\Nav</Filter>
    </ClInclude>
    <ClInclude Include="..\Nav\INavMeshArea.h">
      <Filter>Interfaces\Nav</Filter>
    </ClInclude>
    <ClInclude Include="..\Nav\INavMeshConnection.h">
      <Filter>Interfaces\Nav</Filter>
    </ClInclude>
    <ClInclude Include="..\Nav\INavMeshCornerLightIntensity.h">
      <Filter>Interfaces\Nav</Filter>
    </ClInclude>
    <ClInclude Include="..\Nav\INavMeshEncounterPath.h">
      <Filter>Interfaces\Nav</Filter>
    </ClInclude>
    <ClInclude Include="..\Nav\INavMeshEncounterSpot.h">
      <Filter>Interfaces\Nav</Filter>
    </ClInclude>
    <ClInclude Include="..\Nav\INavMeshHidingSpot.h">
      <Filter>Interfaces\Nav</Filter>
    </ClInclude>
    <ClInclude Include="..\Nav\INavMeshLadder.h">
      <Filter>Interfaces\Nav</Filter>
    </ClInclude>
    <ClInclude Include="..\Nav\INavMeshLadderConnection.h">
      <Filter>Interfaces\Nav</Filter>
    </ClInclude>
    <ClInclude Include="..\Nav\INavMeshLoader.h">
      <Filter>Interfaces\Nav</Filter>
    </ClInclude>
    <ClInclude Include="..\Nav\INavMeshPlace.h">
      <Filter>Interfaces\Nav</Filter>
    </ClInclude>
    <ClInclude Include="..\Nav\INavMeshVisibleArea.h">
      <Filter>Interfaces\Nav</Filter>
    </ClInclude>
    <ClInclude Include="..\STLish\IList.h">
      <Filter>Interfaces\STLish</Filter>
    </ClInclude>
    <ClInclude Include="..\STLish\IMap.h">
      <Filter>Interfaces\STLish</Filter>
    </ClInclude>
    <ClInclude Include="..\ClientListener.h">
      <Filter>Header Files</Filter>
    </ClInclude>
    <ClInclude Include="..\Extension.h">
      <Filter>Header Files</Filter>
    </ClInclude>
    <ClInclude Include="..\Globals.h">
      <Filter>Header Files</Filter>
    </ClInclude>
    <ClInclude Include="..\Database\DBCharacter.h">
      <Filter>Header Files\Database</Filter>
    </ClInclude>
    <ClInclude Include="..\Database\DBItem.h">
      <Filter>Header Files\Database</Filter>
    </ClInclude>
    <ClInclude Include="..\Database\DBPlayer.h">
      <Filter>Header Files\Database</Filter>
    </ClInclude>
    <ClInclude Include="..\Database\DBQuest.h">
      <Filter>Header Files\Database</Filter>
    </ClInclude>
    <ClInclude Include="..\Database\DBSkill.h">
      <Filter>Header Files\Database</Filter>
    </ClInclude>
    <ClInclude Include="..\Database\PlayerBinder.h">
      <Filter>Header Files\Database</Filter>
    </ClInclude>
    <ClInclude Include="..\Database\PlayerLoader.h">
      <Filter>Header Files\Database</Filter>
    </ClInclude>
    <ClInclude Include="..\Database\PlayerLoaderCallback.h">
      <Filter>Header Files\Database</Filter>
    </ClInclude>
    <ClInclude Include="..\Database\PlayerPersister.h">
      <Filter>Header Files\Database</Filter>
    </ClInclude>
    <ClInclude Include="..\Database\PLItemCallback.h">
      <Filter>Header Files\Database</Filter>
    </ClInclude>
    <ClInclude Include="..\Database\PLPlayerCallback.h">
      <Filter>Header Files\Database</Filter>
    </ClInclude>
    <ClInclude Include="..\Database\PLQuestCallback.h">
      <Filter>Header Files\Database</Filter>
    </ClInclude>
    <ClInclude Include="..\Database\PLSkillCallback.h">
      <Filter>Header Files\Database</Filter>
    </ClInclude>
    <ClInclude Include="..\Database\IPlayerBinder.h">
      <Filter>Interfaces\Database</Filter>
    </ClInclude>
    <ClInclude Include="..\Database\IPlayerLoader.h">
      <Filter>Interfaces\Database</Filter>
    </ClInclude>
    <ClInclude Include="..\Database\IPlayerLoaderCallback.h">
      <Filter>Interfaces\Database</Filter>
    </ClInclude>
    <ClInclude Include="..\Database\IPlayerPersister.h">
      <Filter>Interfaces\Database</Filter>
    </ClInclude>
    <ClInclude Include="..\Database\IPlayerPersisterCallback.h">
      <Filter>Interfaces\Database</Filter>
    </ClInclude>
    <ClInclude Include="..\database\IDBCharacter.h">
      <Filter>Interfaces\Database</Filter>
    </ClInclude>
    <ClInclude Include="..\database\IDBItem.h">
      <Filter>Interfaces\Database</Filter>
    </ClInclude>
    <ClInclude Include="..\database\IDBPlayer.h">
      <Filter>Interfaces\Database</Filter>
    </ClInclude>
    <ClInclude Include="..\database\IDBQuest.h">
      <Filter>Interfaces\Database</Filter>
    </ClInclude>
    <ClInclude Include="..\database\IDBSkill.h">
      <Filter>Interfaces\Database</Filter>
    </ClInclude>
    <ClInclude Include="..\database\IQueryCallback.h">
      <Filter>Interfaces\Database</Filter>
    </ClInclude>
    <ClInclude Include="..\Database\IConnectCallback.h">
      <Filter>Interfaces\Database</Filter>
    </ClInclude>
    <ClInclude Include="..\Database\QueryOperation.h">
      <Filter>Header Files\Database</Filter>
    </ClInclude>
    <ClInclude Include="..\database\ConnectCallback.h">
      <Filter>Header Files\Database</Filter>
    </ClInclude>
    <ClInclude Include="..\database\ConnectOperation.h">
      <Filter>Header Files\Database</Filter>
    </ClInclude>
    <ClInclude Include="..\Models\Character.h">
      <Filter>Header Files\Models</Filter>
    </ClInclude>
    <ClInclude Include="..\Models\Client.h">
      <Filter>Header Files\Models</Filter>
    </ClInclude>
    <ClInclude Include="..\Models\Item.h">
      <Filter>Header Files\Models</Filter>
    </ClInclude>
    <ClInclude Include="..\Models\Player.h">
      <Filter>Header Files\Models</Filter>
    </ClInclude>
    <ClInclude Include="..\Models\Race.h">
      <Filter>Header Files\Models</Filter>
    </ClInclude>
    <ClInclude Include="..\Models\Skill.h">
      <Filter>Header Files\Models</Filter>
    </ClInclude>
    <ClInclude Include="..\Models\ICharacter.h">
      <Filter>Interfaces\Models</Filter>
    </ClInclude>
    <ClInclude Include="..\Models\IClient.h">
      <Filter>Interfaces\Models</Filter>
    </ClInclude>
    <ClInclude Include="..\Models\IItem.h">
      <Filter>Interfaces\Models</Filter>
    </ClInclude>
    <ClInclude Include="..\Models\IPlayer.h">
      <Filter>Interfaces\Models</Filter>
    </ClInclude>
    <ClInclude Include="..\Models\IQuest.h">
      <Filter>Interfaces\Models</Filter>
    </ClInclude>
    <ClInclude Include="..\Models\ISkill.h">
      <Filter>Interfaces\Models</Filter>
    </ClInclude>
    <ClInclude Include="..\Database\PLCharacterCallback.h">
      <Filter>Header Files\Database</Filter>
    </ClInclude>
    <ClInclude Include="..\Utils.h">
      <Filter>Source Files</Filter>
    </ClInclude>
    <ClInclude Include="..\Regex\CRegEx.h">
      <Filter>Header Files\Regex</Filter>
    </ClInclude>
    <ClInclude Include="..\Models\Quest.h">
      <Filter>Header Files\Models</Filter>
    </ClInclude>
    <ClInclude Include="..\Commands\IClientCommandListener.h">
      <Filter>Interfaces\Commands</Filter>
    </ClInclude>
    <ClInclude Include="..\Commands\ClientCommandListener.h">
      <Filter>Header Files\Commands</Filter>
    </ClInclude>
    <ClInclude Include="..\CompatWrappers.h">
      <Filter>Source Files</Filter>
    </ClInclude>
    <ClInclude Include="..\Sourcemod\convar_sm.h">
      <Filter>Header Files\Sourcemod</Filter>
    </ClInclude>
    <ClInclude Include="..\Sourcemod\convar_sm_l4d.h">
      <Filter>Header Files\Sourcemod</Filter>
    </ClInclude>
    <ClInclude Include="..\Sourcemod\convar_sm_ob.h">
      <Filter>Header Files\Sourcemod</Filter>
    </ClInclude>
    <ClInclude Include="..\HL2SDK\HL2SDK.h">
      <Filter>Header Files\HL2SDK</Filter>
    </ClInclude>
    <ClInclude Include="..\Commands\ISayCommandListener.h">
      <Filter>Interfaces\Commands</Filter>
    </ClInclude>
    <ClInclude Include="..\Commands\SayCommandListener.h">
      <Filter>Header Files\Commands</Filter>
    </ClInclude>
    <ClInclude Include="..\Menus\HelpMenuHandler.h">
      <Filter>Header Files\Menus</Filter>
    </ClInclude>
  </ItemGroup>
</Project>